// !$*UTF8*$!
{
	archiveVersion = 1;
	classes = {
	};
	objectVersion = 46;
	objects = {

/* Begin PBXBuildFile section */
		4D53BE321BDE269000A385BE /* HsBaseEntity.m in Sources */ = {isa = PBXBuildFile; fileRef = 4D53BE2F1BDE269000A385BE /* HsBaseEntity.m */; };
		4D53BE331BDE269000A385BE /* NSObject+dictionaryToModel.m in Sources */ = {isa = PBXBuildFile; fileRef = 4D53BE311BDE269000A385BE /* NSObject+dictionaryToModel.m */; };
		4D53BE391BDE27EB00A385BE /* HsBaseFetchedResults.m in Sources */ = {isa = PBXBuildFile; fileRef = 4D53BE381BDE27EB00A385BE /* HsBaseFetchedResults.m */; };
		4DA9DCC01BDF618100AE5BEF /* Compay.m in Sources */ = {isa = PBXBuildFile; fileRef = 4DA9DCBA1BDF618100AE5BEF /* Compay.m */; };
		4DA9DCC11BDF618100AE5BEF /* Dept.m in Sources */ = {isa = PBXBuildFile; fileRef = 4DA9DCBC1BDF618100AE5BEF /* Dept.m */; };
		4DA9DCC21BDF618100AE5BEF /* main.m in Sources */ = {isa = PBXBuildFile; fileRef = 4DA9DCBD1BDF618100AE5BEF /* main.m */; };
		4DA9DCC31BDF618100AE5BEF /* User.m in Sources */ = {isa = PBXBuildFile; fileRef = 4DA9DCBF1BDF618100AE5BEF /* User.m */; };
/* End PBXBuildFile section */

/* Begin PBXCopyFilesBuildPhase section */
		4DB6914D1A54F3C700D0B4DB /* CopyFiles */ = {
			isa = PBXCopyFilesBuildPhase;
			buildActionMask = 2147483647;
			dstPath = /usr/share/man/man1/;
			dstSubfolderSpec = 0;
			files = (
			);
			runOnlyForDeploymentPostprocessing = 1;
		};
/* End PBXCopyFilesBuildPhase section */

/* Begin PBXFileReference section */
		4D53BE2E1BDE269000A385BE /* HsBaseEntity.h */ = {isa = PBXFileReference; fileEncoding = 4; lastKnownFileType = sourcecode.c.h; path = HsBaseEntity.h; sourceTree = "<group>"; };
		4D53BE2F1BDE269000A385BE /* HsBaseEntity.m */ = {isa = PBXFileReference; fileEncoding = 4; lastKnownFileType = sourcecode.c.objc; path = HsBaseEntity.m; sourceTree = "<group>"; };
		4D53BE301BDE269000A385BE /* NSObject+dictionaryToModel.h */ = {isa = PBXFileReference; fileEncoding = 4; lastKnownFileType = sourcecode.c.h; path = "NSObject+dictionaryToModel.h"; sourceTree = "<group>"; };
		4D53BE311BDE269000A385BE /* NSObject+dictionaryToModel.m */ = {isa = PBXFileReference; fileEncoding = 4; lastKnownFileType = sourcecode.c.objc; path = "NSObject+dictionaryToModel.m"; sourceTree = "<group>"; };
		4D53BE371BDE27EB00A385BE /* HsBaseFetchedResults.h */ = {isa = PBXFileReference; fileEncoding = 4; lastKnownFileType = sourcecode.c.h; path = HsBaseFetchedResults.h; sourceTree = "<group>"; };
		4D53BE381BDE27EB00A385BE /* HsBaseFetchedResults.m */ = {isa = PBXFileReference; fileEncoding = 4; lastKnownFileType = sourcecode.c.objc; path = HsBaseFetchedResults.m; sourceTree = "<group>"; };
		4DA9DCB91BDF618100AE5BEF /* Compay.h */ = {isa = PBXFileReference; fileEncoding = 4; lastKnownFileType = sourcecode.c.h; path = Compay.h; sourceTree = "<group>"; };
		4DA9DCBA1BDF618100AE5BEF /* Compay.m */ = {isa = PBXFileReference; fileEncoding = 4; lastKnownFileType = sourcecode.c.objc; path = Compay.m; sourceTree = "<group>"; };
		4DA9DCBB1BDF618100AE5BEF /* Dept.h */ = {isa = PBXFileReference; fileEncoding = 4; lastKnownFileType = sourcecode.c.h; path = Dept.h; sourceTree = "<group>"; };
		4DA9DCBC1BDF618100AE5BEF /* Dept.m */ = {isa = PBXFileReference; fileEncoding = 4; lastKnownFileType = sourcecode.c.objc; path = Dept.m; sourceTree = "<group>"; };
		4DA9DCBD1BDF618100AE5BEF /* main.m */ = {isa = PBXFileReference; fileEncoding = 4; lastKnownFileType = sourcecode.c.objc; path = main.m; sourceTree = "<group>"; };
		4DA9DCBE1BDF618100AE5BEF /* User.h */ = {isa = PBXFileReference; fileEncoding = 4; lastKnownFileType = sourcecode.c.h; path = User.h; sourceTree = "<group>"; };
		4DA9DCBF1BDF618100AE5BEF /* User.m */ = {isa = PBXFileReference; fileEncoding = 4; lastKnownFileType = sourcecode.c.objc; path = User.m; sourceTree = "<group>"; };
		4DB6914F1A54F3C700D0B4DB /* JsonToEntity */ = {isa = PBXFileReference; explicitFileType = "compiled.mach-o.executable"; includeInIndex = 0; path = JsonToEntity; sourceTree = BUILT_PRODUCTS_DIR; };
/* End PBXFileReference section */

/* Begin PBXFrameworksBuildPhase section */
		4DB6914C1A54F3C700D0B4DB /* Frameworks */ = {
			isa = PBXFrameworksBuildPhase;
			buildActionMask = 2147483647;
			files = (
			);
			runOnlyForDeploymentPostprocessing = 0;
		};
/* End PBXFrameworksBuildPhase section */

/* Begin PBXGroup section */
		4DA9DCB81BDF618100AE5BEF /* demo */ = {
			isa = PBXGroup;
			children = (
				4DA9DCB91BDF618100AE5BEF /* Compay.h */,
				4DA9DCBA1BDF618100AE5BEF /* Compay.m */,
				4DA9DCBB1BDF618100AE5BEF /* Dept.h */,
				4DA9DCBC1BDF618100AE5BEF /* Dept.m */,
				4DA9DCBD1BDF618100AE5BEF /* main.m */,
				4DA9DCBE1BDF618100AE5BEF /* User.h */,
				4DA9DCBF1BDF618100AE5BEF /* User.m */,
			);
			path = demo;
			sourceTree = "<group>";
		};
		4DB691461A54F3C700D0B4DB = {
			isa = PBXGroup;
			children = (
				4DA9DCB81BDF618100AE5BEF /* demo */,
				4DB691511A54F3C700D0B4DB /* JsonToEntity */,
				4DB691501A54F3C700D0B4DB /* Products */,
			);
			sourceTree = "<group>";
		};
		4DB691501A54F3C700D0B4DB /* Products */ = {
			isa = PBXGroup;
			children = (
				4DB6914F1A54F3C700D0B4DB /* JsonToEntity */,
			);
			name = Products;
			sourceTree = "<group>";
		};
		4DB691511A54F3C700D0B4DB /* JsonToEntity */ = {
			isa = PBXGroup;
			children = (
				4D53BE371BDE27EB00A385BE /* HsBaseFetchedResults.h */,
				4D53BE381BDE27EB00A385BE /* HsBaseFetchedResults.m */,
				4D53BE2E1BDE269000A385BE /* HsBaseEntity.h */,
				4D53BE2F1BDE269000A385BE /* HsBaseEntity.m */,
				4D53BE301BDE269000A385BE /* NSObject+dictionaryToModel.h */,
				4D53BE311BDE269000A385BE /* NSObject+dictionaryToModel.m */,
			);
			path = JsonToEntity;
			sourceTree = "<group>";
		};
/* End PBXGroup section */

/* Begin PBXNativeTarget section */
		4DB6914E1A54F3C700D0B4DB /* JsonToEntity */ = {
			isa = PBXNativeTarget;
			buildConfigurationList = 4DB691561A54F3C700D0B4DB /* Build configuration list for PBXNativeTarget "JsonToEntity" */;
			buildPhases = (
				4DB6914B1A54F3C700D0B4DB /* Sources */,
				4DB6914C1A54F3C700D0B4DB /* Frameworks */,
				4DB6914D1A54F3C700D0B4DB /* CopyFiles */,
			);
			buildRules = (
			);
			dependencies = (
			);
			name = JsonToEntity;
			productName = JsonToEntity;
			productReference = 4DB6914F1A54F3C700D0B4DB /* JsonToEntity */;
			productType = "com.apple.product-type.tool";
		};
/* End PBXNativeTarget section */

/* Begin PBXProject section */
		4DB691471A54F3C700D0B4DB /* Project object */ = {
			isa = PBXProject;
			attributes = {
				LastUpgradeCheck = 0610;
				ORGANIZATIONNAME = "王金东";
				TargetAttributes = {
					4DB6914E1A54F3C700D0B4DB = {
						CreatedOnToolsVersion = 6.1;
					};
				};
			};
			buildConfigurationList = 4DB6914A1A54F3C700D0B4DB /* Build configuration list for PBXProject "JsonToEntity" */;
			compatibilityVersion = "Xcode 3.2";
			developmentRegion = English;
			hasScannedForEncodings = 0;
			knownRegions = (
				en,
			);
			mainGroup = 4DB691461A54F3C700D0B4DB;
			productRefGroup = 4DB691501A54F3C700D0B4DB /* Products */;
			projectDirPath = "";
			projectRoot = "";
			targets = (
				4DB6914E1A54F3C700D0B4DB /* JsonToEntity */,
			);
		};
/* End PBXProject section */

/* Begin PBXSourcesBuildPhase section */
		4DB6914B1A54F3C700D0B4DB /* Sources */ = {
			isa = PBXSourcesBuildPhase;
			buildActionMask = 2147483647;
			files = (
				4DA9DCC11BDF618100AE5BEF /* Dept.m in Sources */,
				4DA9DCC31BDF618100AE5BEF /* User.m in Sources */,
				4DA9DCC01BDF618100AE5BEF /* Compay.m in Sources */,
				4D53BE321BDE269000A385BE /* HsBaseEntity.m in Sources */,
				4D53BE391BDE27EB00A385BE /* HsBaseFetchedResults.m in Sources */,
				4DA9DCC21BDF618100AE5BEF /* main.m in Sources */,
				4D53BE331BDE269000A385BE /* NSObject+dictionaryToModel.m in Sources */,
			);
			runOnlyForDeploymentPostprocessing = 0;
		};
/* End PBXSourcesBuildPhase section */

/* Begin XCBuildConfiguration section */
		4DB691541A54F3C700D0B4DB /* Debug */ = {
			isa = XCBuildConfiguration;
			buildSettings = {
				ALWAYS_SEARCH_USER_PATHS = NO;
				CLANG_CXX_LANGUAGE_STANDARD = "gnu++0x";
				CLANG_CXX_LIBRARY = "libc++";
				CLANG_ENABLE_MODULES = YES;
				CLANG_ENABLE_OBJC_ARC = YES;
				CLANG_WARN_BOOL_CONVERSION = YES;
				CLANG_WARN_CONSTANT_CONVERSION = YES;
				CLANG_WARN_DIRECT_OBJC_ISA_USAGE = YES_ERROR;
				CLANG_WARN_EMPTY_BODY = YES;
				CLANG_WARN_ENUM_CONVERSION = YES;
				CLANG_WARN_INT_CONVERSION = YES;
				CLANG_WARN_OBJC_ROOT_CLASS = YES_ERROR;
				CLANG_WARN_UNREACHABLE_CODE = YES;
				CLANG_WARN__DUPLICATE_METHOD_MATCH = YES;
				COPY_PHASE_STRIP = NO;
				ENABLE_STRICT_OBJC_MSGSEND = YES;
				GCC_C_LANGUAGE_STANDARD = gnu99;
				GCC_DYNAMIC_NO_PIC = NO;
				GCC_OPTIMIZATION_LEVEL = 0;
				GCC_PREPROCESSOR_DEFINITIONS = (
					"DEBUG=1",
					"$(inherited)",
				);
				GCC_SYMBOLS_PRIVATE_EXTERN = NO;
				GCC_WARN_64_TO_32_BIT_CONVERSION = YES;
				GCC_WARN_ABOUT_RETURN_TYPE = YES_ERROR;
				GCC_WARN_UNDECLARED_SELECTOR = YES;
				GCC_WARN_UNINITIALIZED_AUTOS = YES_AGGRESSIVE;
				GCC_WARN_UNUSED_FUNCTION = YES;
				GCC_WARN_UNUSED_VARIABLE = YES;
				MACOSX_DEPLOYMENT_TARGET = 10.10;
				MTL_ENABLE_DEBUG_INFO = YES;
				ONLY_ACTIVE_ARCH = YES;
				SDKROOT = macosx;
			};
			name = Debug;
		};
		4DB691551A54F3C700D0B4DB /* Release */ = {
			isa = XCBuildConfiguration;
			buildSettings = {
				ALWAYS_SEARCH_USER_PATHS = NO;
				CLANG_CXX_LANGUAGE_STANDARD = "gnu++0x";
				CLANG_CXX_LIBRARY = "libc++";
				CLANG_ENABLE_MODULES = YES;
				CLANG_ENABLE_OBJC_ARC = YES;
				CLANG_WARN_BOOL_CONVERSION = YES;
				CLANG_WARN_CONSTANT_CONVERSION = YES;
				CLANG_WARN_DIRECT_OBJC_ISA_USAGE = YES_ERROR;
				CLANG_WARN_EMPTY_BODY = YES;
				CLANG_WARN_ENUM_CONVERSION = YES;
				CLANG_WARN_INT_CONVERSION = YES;
				CLANG_WARN_OBJC_ROOT_CLASS = YES_ERROR;
				CLANG_WARN_UNREACHABLE_CODE = YES;
				CLANG_WARN__DUPLICATE_METHOD_MATCH = YES;
				COPY_PHASE_STRIP = YES;
				DEBUG_INFORMATION_FORMAT = "dwarf-with-dsym";
				ENABLE_NS_ASSERTIONS = NO;
				ENABLE_STRICT_OBJC_MSGSEND = YES;
				GCC_C_LANGUAGE_STANDARD = gnu99;
				GCC_WARN_64_TO_32_BIT_CONVERSION = YES;
				GCC_WARN_ABOUT_RETURN_TYPE = YES_ERROR;
				GCC_WARN_UNDECLARED_SELECTOR = YES;
				GCC_WARN_UNINITIALIZED_AUTOS = YES_AGGRESSIVE;
				GCC_WARN_UNUSED_FUNCTION = YES;
				GCC_WARN_UNUSED_VARIABLE = YES;
				MACOSX_DEPLOYMENT_TARGET = 10.10;
				MTL_ENABLE_DEBUG_INFO = NO;
				SDKROOT = macosx;
			};
			name = Release;
		};
		4DB691571A54F3C700D0B4DB /* Debug */ = {
			isa = XCBuildConfiguration;
			buildSettings = {
				PRODUCT_NAME = "$(TARGET_NAME)";
			};
			name = Debug;
		};
		4DB691581A54F3C700D0B4DB /* Release */ = {
			isa = XCBuildConfiguration;
			buildSettings = {
				PRODUCT_NAME = "$(TARGET_NAME)";
			};
			name = Release;
		};
/* End XCBuildConfiguration section */

/* Begin XCConfigurationList section */
		4DB6914A1A54F3C700D0B4DB /* Build configuration list for PBXProject "JsonToEntity" */ = {
			isa = XCConfigurationList;
			buildConfigurations = (
				4DB691541A54F3C700D0B4DB /* Debug */,
				4DB691551A54F3C700D0B4DB /* Release */,
			);
			defaultConfigurationIsVisible = 0;
			defaultConfigurationName = Release;
		};
		4DB691561A54F3C700D0B4DB /* Build configuration list for PBXNativeTarget "JsonToEntity" */ = {
			isa = XCConfigurationList;
			buildConfigurations = (
				4DB691571A54F3C700D0B4DB /* Debug */,
				4DB691581A54F3C700D0B4DB /* Release */,
			);
			defaultConfigurationIsVisible = 0;
			defaultConfigurationName = Release;
		};
/* End XCConfigurationList section */
	};
	rootObject = 4DB691471A54F3C700D0B4DB /* Project object */;
}
